# This file was autogenerated by Stack.
# You should not edit this file by hand.
# For more information, please see the documentation at:
#   https://docs.haskellstack.org/en/stable/lock_files

packages:
- completed:
    commit: ff5fd90270678276c3eaa1f3c85dffea58066586
    git: https://github.com/utxorpc/spec.git
    name: utxorpc
    pantry-tree:
      sha256: 9aa9253853903782966e324562184f4b96e0aa5298faa1781545000c1c9604a0
      size: 6363
    version: 0.1.0.0
  original:
    commit: ff5fd90270678276c3eaa1f3c85dffea58066586
    git: https://github.com/utxorpc/spec.git
- completed:
    hackage: proto-lens-protobuf-types-0.7.2.0@sha256:78f9d686aca30f1b569145b6c0d7a20f8398b5f5de601ec1c3d07ac644ea1e66,3814
    pantry-tree:
      sha256: dff5f67b3a437cf18a2901942be472364f7a64b8cac071f1467b227b3cc878ff
      size: 1333
  original:
    hackage: proto-lens-protobuf-types-0.7.2.0
- completed:
    hackage: proto-lens-protoc-0.8.0.0@sha256:a146ee8c9af9e445ab05651e688deb0ff849357d320657d6cea5be33cb54b960,2235
    pantry-tree:
      sha256: 1921e9b8f86658c8c0e73a73ee91c69e0c35d3051a241a1a06cb822ecd2f0347
      size: 1218
  original:
    hackage: proto-lens-protoc-0.8.0.0
- completed:
    hackage: proto-lens-setup-0.4.0.7@sha256:acca0b04e033ea0a017f809d91a7dbc942e025ec6bc275fa21647352722c74cc,3122
    pantry-tree:
      sha256: 1f3d343a5c132bb7bfe9dd15a2092ed5bc1673bf321647defdac797bdb8d8280
      size: 235
  original:
    hackage: proto-lens-setup-0.4.0.7
- completed:
    commit: ebd264951eeb69cdc500cd61e263e2dfde516ac7
    git: https://github.com/haskell-grpc-native/http2-client.git
    name: http2-client
    pantry-tree:
      sha256: 51a184aad66ad7b8f5fad03570eb07da48723c8c8466efdac0170064a077ee51
      size: 1860
    version: 0.10.0.1
  original:
    commit: ebd264951eeb69cdc500cd61e263e2dfde516ac7
    git: https://github.com/haskell-grpc-native/http2-client.git
- completed:
    commit: d4cda52425af0222dff2a9309649e239a401c71d
    git: https://github.com/haskell-grpc-native/http2-grpc-haskell.git
    name: http2-client-grpc
    pantry-tree:
      sha256: 27739553a260868a13a7210327d17f9c20000cb5449d0293282c7b535f534255
      size: 455
    subdir: http2-client-grpc
    version: 0.8.0.0
  original:
    commit: d4cda52425af0222dff2a9309649e239a401c71d
    git: https://github.com/haskell-grpc-native/http2-grpc-haskell.git
    subdir: http2-client-grpc
- completed:
    commit: d4cda52425af0222dff2a9309649e239a401c71d
    git: https://github.com/haskell-grpc-native/http2-grpc-haskell.git
    name: http2-grpc-proto-lens
    pantry-tree:
      sha256: 9c8e76a8b6903215318dcb70c7e815321d6befc239c44697d774a86a605f22f1
      size: 440
    subdir: http2-grpc-proto-lens
    version: 0.1.0.0
  original:
    commit: d4cda52425af0222dff2a9309649e239a401c71d
    git: https://github.com/haskell-grpc-native/http2-grpc-haskell.git
    subdir: http2-grpc-proto-lens
- completed:
    commit: d4cda52425af0222dff2a9309649e239a401c71d
    git: https://github.com/haskell-grpc-native/http2-grpc-haskell.git
    name: http2-grpc-types
    pantry-tree:
      sha256: 5960ef212120ca9b4fd41f654fbb9442b5e9a7c264a2147a581cc4e8330cc058
      size: 506
    subdir: http2-grpc-types
    version: 0.5.0.0
  original:
    commit: d4cda52425af0222dff2a9309649e239a401c71d
    git: https://github.com/haskell-grpc-native/http2-grpc-haskell.git
    subdir: http2-grpc-types
- completed:
    hackage: http2-3.0.3@sha256:309c7198fbccf136e949a2b630d7fec2557478c4af4a2c8c5523b71ec00c88b9,15906
    pantry-tree:
      sha256: 0a77b00489ad6da2c20f1f32abab01dab65886c9dfa52c31b2eab86f27648f1f
      size: 46005
  original:
    hackage: http2-3.0.3
- completed:
    hackage: warp-3.3.25@sha256:f802f7a1914dba36dc23c29e22240ce6808698072400ccfabff3556b8a62e5e1,11396
    pantry-tree:
      sha256: ff4e28979bdc82967eeda3d1a9001f5c3d6fe5da93f407e01dca8824d137bd21
      size: 3838
  original:
    hackage: warp-3.3.25
- completed:
    hackage: warp-tls-3.3.6@sha256:ad44d0286a3b395e95a4466250fabcfd833a2986542f6613ed8a813230d28f1f,1961
    pantry-tree:
      sha256: 72ac2b4aad175eff389d5ef4ceae21d693d4bf6b5f17cb36c767cda2cf194184
      size: 407
  original:
    hackage: warp-tls-3.3.6
- completed:
    hackage: tls-1.6.0@sha256:7ae39373fd2de27fb80e90f76d22aeeb9a074a0ddd120cbd02c9c52f516a9e55,6987
    pantry-tree:
      sha256: a64b0c6cdfc37b48ebb7c0e30fe23a0e1a172baf3819ff6d0ca281ae4a56041a
      size: 4897
  original:
    hackage: tls-1.6.0
- completed:
    hackage: ghc-source-gen-0.4.4.0@sha256:8499f23c5989c295f3b002ad92784ca5fed5260fd4891dc816f17d30c5ba9cd9,4236
    pantry-tree:
      sha256: b7e0e5774e0d748cecd24bc86c988b74f7c1aad231d44a636ac427b528d506f5
      size: 3250
  original:
    hackage: ghc-source-gen-0.4.4.0
snapshots:
- completed:
    sha256: 7b975b104cb3dbf0c297dfd01f936a4d2ee523241dd0b1ae960522b833fe3027
    size: 714096
    url: https://raw.githubusercontent.com/commercialhaskell/stackage-snapshots/master/lts/22/7.yaml
  original: lts-22.7
