# This file was autogenerated by Stack.
# You should not edit this file by hand.
# For more information, please see the documentation at:
#   https://docs.haskellstack.org/en/stable/lock_files

packages:
- completed:
    hackage: utxorpc-0.0.4.0@sha256:e74d20571dd94bda12ff258c4bf175b006ef2d6709036e980bf7a9bfaa25eb97,2402
    pantry-tree:
      sha256: 629f63342df4d4441b5b299bce013358f1e2e3f1b811522285d1c308a1deb06a
      size: 929
  original:
    hackage: utxorpc-0.0.4.0
- completed:
    hackage: proto-lens-protobuf-types-0.7.2.0@sha256:78f9d686aca30f1b569145b6c0d7a20f8398b5f5de601ec1c3d07ac644ea1e66,3814
    pantry-tree:
      sha256: dff5f67b3a437cf18a2901942be472364f7a64b8cac071f1467b227b3cc878ff
      size: 1333
  original:
    hackage: proto-lens-protobuf-types-0.7.2.0
- completed:
    hackage: proto-lens-protoc-0.8.0.0@sha256:a146ee8c9af9e445ab05651e688deb0ff849357d320657d6cea5be33cb54b960,2235
    pantry-tree:
      sha256: 1921e9b8f86658c8c0e73a73ee91c69e0c35d3051a241a1a06cb822ecd2f0347
      size: 1218
  original:
    hackage: proto-lens-protoc-0.8.0.0
- completed:
    hackage: proto-lens-setup-0.4.0.7@sha256:acca0b04e033ea0a017f809d91a7dbc942e025ec6bc275fa21647352722c74cc,3122
    pantry-tree:
      sha256: 1f3d343a5c132bb7bfe9dd15a2092ed5bc1673bf321647defdac797bdb8d8280
      size: 235
  original:
    hackage: proto-lens-setup-0.4.0.7
- completed:
    commit: a45883ccbd68c0c52f8e4cc6cca052fb660d57e2
    git: https://github.com/haskell-grpc-native/http2-client.git
    name: http2-client
    pantry-tree:
      sha256: 2fd0332b2594f55668e5dca33f55da08aa540e1ee4704bbe4ca1cb8b9780fdd4
      size: 1860
    version: 0.10.0.1
  original:
    commit: a45883ccbd68c0c52f8e4cc6cca052fb660d57e2
    git: https://github.com/haskell-grpc-native/http2-client.git
- completed:
    commit: 1b3684a7f80ddf8d81cf481651f901bf7fe5e342
    git: https://github.com/domMayhew/http2-grpc-haskell.git
    name: http2-client-grpc
    pantry-tree:
      sha256: 8e2962738ab59696a96644957ea6f0f98f6e51c494cd3baf1627cb40c69d5c1e
      size: 455
    subdir: http2-client-grpc
    version: 0.8.0.0
  original:
    commit: 1b3684a7f80ddf8d81cf481651f901bf7fe5e342
    git: https://github.com/domMayhew/http2-grpc-haskell.git
    subdir: http2-client-grpc
- completed:
    commit: 1b3684a7f80ddf8d81cf481651f901bf7fe5e342
    git: https://github.com/domMayhew/http2-grpc-haskell.git
    name: http2-grpc-proto-lens
    pantry-tree:
      sha256: 9c8e76a8b6903215318dcb70c7e815321d6befc239c44697d774a86a605f22f1
      size: 440
    subdir: http2-grpc-proto-lens
    version: 0.1.0.0
  original:
    commit: 1b3684a7f80ddf8d81cf481651f901bf7fe5e342
    git: https://github.com/domMayhew/http2-grpc-haskell.git
    subdir: http2-grpc-proto-lens
- completed:
    commit: 1b3684a7f80ddf8d81cf481651f901bf7fe5e342
    git: https://github.com/domMayhew/http2-grpc-haskell.git
    name: http2-grpc-types
    pantry-tree:
      sha256: 5960ef212120ca9b4fd41f654fbb9442b5e9a7c264a2147a581cc4e8330cc058
      size: 506
    subdir: http2-grpc-types
    version: 0.5.0.0
  original:
    commit: 1b3684a7f80ddf8d81cf481651f901bf7fe5e342
    git: https://github.com/domMayhew/http2-grpc-haskell.git
    subdir: http2-grpc-types
- completed:
    commit: 1b3684a7f80ddf8d81cf481651f901bf7fe5e342
    git: https://github.com/domMayhew/http2-grpc-haskell.git
    name: warp-grpc
    pantry-tree:
      sha256: 99a4ad9acad46dcab46b254567099f2ffadcb83dc593c6e20b8d4e75692667d5
      size: 859
    subdir: warp-grpc
    version: 0.4.0.1
  original:
    commit: 1b3684a7f80ddf8d81cf481651f901bf7fe5e342
    git: https://github.com/domMayhew/http2-grpc-haskell.git
    subdir: warp-grpc
- completed:
    hackage: http2-4.2.2@sha256:4367b9a9ff2421a7d8cf9bedc9f43489425a5a372a4330cfbb9a989e380197fc,10496
    pantry-tree:
      sha256: aa443ce08bdaedf5deb610860f1f9fe53b136105fdf42c7806ccf28131168c9a
      size: 45118
  original:
    hackage: http2-4.2.2
- completed:
    hackage: warp-3.3.30@sha256:9e0914c8893689fd37aab3990e920eac63652630084c4d2325dccfcbe0f1e98d,11100
    pantry-tree:
      sha256: cdea00e698b4083cf412d5d296b0b6fec25ec6ba6727d62460b65a40da084d35
      size: 3838
  original:
    hackage: warp-3.3.30
- completed:
    hackage: ghc-source-gen-0.4.4.1@sha256:6029be9ea2fae3ddb3a7a7e132df9b09aa32dc0cf3e31a5cd3d420d220823078,4236
    pantry-tree:
      sha256: e807f86b86f66bbadf1d930487e4dfe40d121fd39b66e0fce16f9374992f31b4
      size: 3250
  original:
    hackage: ghc-source-gen-0.4.4.1
snapshots:
- completed:
    sha256: 7b975b104cb3dbf0c297dfd01f936a4d2ee523241dd0b1ae960522b833fe3027
    size: 714096
    url: https://raw.githubusercontent.com/commercialhaskell/stackage-snapshots/master/lts/22/7.yaml
  original: lts-22.7
